
Microsoft Visual Studio Solution File, Format Version 12.00
# Visual Studio Version 17
VisualStudioVersion = 17.10.35004.147
MinimumVisualStudioVersion = 10.0.40219.1
Project("{9A19103F-16F7-4668-BE54-9A1E7A4F7556}") = "ProyectoLibreria", "ProyectoLibreria\ProyectoLibreria.csproj", "{B1F81335-57A4-4C05-B3B3-7A48F8F6914D}"
EndProject
Project("{9A19103F-16F7-4668-BE54-9A1E7A4F7556}") = "ProyectoLibreria.Api", "ProyectoLibreria.Api\ProyectoLibreria.Api.csproj", "{20F3C60A-4449-4E20-820A-959D5CFF59C4}"
EndProject
Project("{9A19103F-16F7-4668-BE54-9A1E7A4F7556}") = "ProyectoLibreria.Web", "ProyectoLibreria.Web\ProyectoLibreria.Web.csproj", "{B5E750B4-82AE-4FF7-8DD6-912E2964834E}"
EndProject
Project("{9A19103F-16F7-4668-BE54-9A1E7A4F7556}") = "ProyectoLibreria.Domain", "ProyectoLibreria.Domain\ProyectoLibreria.Domain.csproj", "{DED71858-2372-4239-800F-1A161E850881}"
EndProject
Project("{9A19103F-16F7-4668-BE54-9A1E7A4F7556}") = "ProyectoLibreria.Infraestructure", "ProyectoLibreria.Infraestructure\ProyectoLibreria.Infraestructure.csproj", "{76D56051-A365-4371-AEC7-DACAF316D2C2}"
EndProject
Project("{9A19103F-16F7-4668-BE54-9A1E7A4F7556}") = "ProyectoLibreria.Application", "ProyectoLibreria.Application\ProyectoLibreria.Application.csproj", "{FA23FC9C-0B59-48D6-8022-1C349CE3C5D0}"
EndProject
Project("{9A19103F-16F7-4668-BE54-9A1E7A4F7556}") = "ProyectoLibreria.Ioc", "ProyectoLibreria.Ioc\ProyectoLibreria.Ioc.csproj", "{A943A9AA-6C27-4E2D-AA0B-68861854862C}"
EndProject
Project("{FAE04EC0-301F-11D3-BF4B-00C04F79EFBC}") = "ProyectoFinalLibrary.Api", "ProyectoFinalLibrary.Api\ProyectoFinalLibrary.Api.csproj", "{772D0A3D-FDF6-47CD-AA6C-10C2A9490970}"
EndProject
Global
	GlobalSection(SolutionConfigurationPlatforms) = preSolution
		Debug|Any CPU = Debug|Any CPU
		Release|Any CPU = Release|Any CPU
	EndGlobalSection
	GlobalSection(ProjectConfigurationPlatforms) = postSolution
		{B1F81335-57A4-4C05-B3B3-7A48F8F6914D}.Debug|Any CPU.ActiveCfg = Debug|Any CPU
		{B1F81335-57A4-4C05-B3B3-7A48F8F6914D}.Debug|Any CPU.Build.0 = Debug|Any CPU
		{B1F81335-57A4-4C05-B3B3-7A48F8F6914D}.Release|Any CPU.ActiveCfg = Release|Any CPU
		{B1F81335-57A4-4C05-B3B3-7A48F8F6914D}.Release|Any CPU.Build.0 = Release|Any CPU
		{20F3C60A-4449-4E20-820A-959D5CFF59C4}.Debug|Any CPU.ActiveCfg = Debug|Any CPU
		{20F3C60A-4449-4E20-820A-959D5CFF59C4}.Debug|Any CPU.Build.0 = Debug|Any CPU
		{20F3C60A-4449-4E20-820A-959D5CFF59C4}.Release|Any CPU.ActiveCfg = Release|Any CPU
		{20F3C60A-4449-4E20-820A-959D5CFF59C4}.Release|Any CPU.Build.0 = Release|Any CPU
		{B5E750B4-82AE-4FF7-8DD6-912E2964834E}.Debug|Any CPU.ActiveCfg = Debug|Any CPU
		{B5E750B4-82AE-4FF7-8DD6-912E2964834E}.Debug|Any CPU.Build.0 = Debug|Any CPU
		{B5E750B4-82AE-4FF7-8DD6-912E2964834E}.Release|Any CPU.ActiveCfg = Release|Any CPU
		{B5E750B4-82AE-4FF7-8DD6-912E2964834E}.Release|Any CPU.Build.0 = Release|Any CPU
		{DED71858-2372-4239-800F-1A161E850881}.Debug|Any CPU.ActiveCfg = Debug|Any CPU
		{DED71858-2372-4239-800F-1A161E850881}.Debug|Any CPU.Build.0 = Debug|Any CPU
		{DED71858-2372-4239-800F-1A161E850881}.Release|Any CPU.ActiveCfg = Release|Any CPU
		{DED71858-2372-4239-800F-1A161E850881}.Release|Any CPU.Build.0 = Release|Any CPU
		{76D56051-A365-4371-AEC7-DACAF316D2C2}.Debug|Any CPU.ActiveCfg = Debug|Any CPU
		{76D56051-A365-4371-AEC7-DACAF316D2C2}.Debug|Any CPU.Build.0 = Debug|Any CPU
		{76D56051-A365-4371-AEC7-DACAF316D2C2}.Release|Any CPU.ActiveCfg = Release|Any CPU
		{76D56051-A365-4371-AEC7-DACAF316D2C2}.Release|Any CPU.Build.0 = Release|Any CPU
		{FA23FC9C-0B59-48D6-8022-1C349CE3C5D0}.Debug|Any CPU.ActiveCfg = Debug|Any CPU
		{FA23FC9C-0B59-48D6-8022-1C349CE3C5D0}.Debug|Any CPU.Build.0 = Debug|Any CPU
		{FA23FC9C-0B59-48D6-8022-1C349CE3C5D0}.Release|Any CPU.ActiveCfg = Release|Any CPU
		{FA23FC9C-0B59-48D6-8022-1C349CE3C5D0}.Release|Any CPU.Build.0 = Release|Any CPU
		{A943A9AA-6C27-4E2D-AA0B-68861854862C}.Debug|Any CPU.ActiveCfg = Debug|Any CPU
		{A943A9AA-6C27-4E2D-AA0B-68861854862C}.Debug|Any CPU.Build.0 = Debug|Any CPU
		{A943A9AA-6C27-4E2D-AA0B-68861854862C}.Release|Any CPU.ActiveCfg = Release|Any CPU
		{A943A9AA-6C27-4E2D-AA0B-68861854862C}.Release|Any CPU.Build.0 = Release|Any CPU
		{772D0A3D-FDF6-47CD-AA6C-10C2A9490970}.Debug|Any CPU.ActiveCfg = Debug|Any CPU
		{772D0A3D-FDF6-47CD-AA6C-10C2A9490970}.Debug|Any CPU.Build.0 = Debug|Any CPU
		{772D0A3D-FDF6-47CD-AA6C-10C2A9490970}.Release|Any CPU.ActiveCfg = Release|Any CPU
		{772D0A3D-FDF6-47CD-AA6C-10C2A9490970}.Release|Any CPU.Build.0 = Release|Any CPU
	EndGlobalSection
	GlobalSection(SolutionProperties) = preSolution
		HideSolutionNode = FALSE
	EndGlobalSection
	GlobalSection(ExtensibilityGlobals) = postSolution
		SolutionGuid = {90F94F9F-B450-426C-82A6-E41C028BB5BE}
	EndGlobalSection
EndGlobal
